{
  "originHash" : "57c4eb12b05478aa5ed70d9bfad4cd667ae20605ffc8bcc9a80451f690d45051",
  "pins" : [
    {
      "identity" : "reactorkit",
      "kind" : "remoteSourceControl",
      "location" : "https://github.com/ReactorKit/ReactorKit.git",
      "state" : {
        "branch" : "master",
        "revision" : "5c91bc4fc727d29fe32a7ba74c6b083eff889a81"
      }
    },
    {
      "identity" : "ribs-ios",
      "kind" : "remoteSourceControl",
      "location" : "https://github.com/uber/RIBs-iOS.git",
      "state" : {
        "revision" : "bc4abbc25f485bff1c1955994a19d5104b209f08",
        "version" : "0.16.3"
      }
    },
    {
      "identity" : "rxswift",
      "kind" : "remoteSourceControl",
      "location" : "https://github.com/ReactiveX/RxSwift.git",
      "state" : {
        "branch" : "main",
        "revision" : "68647dbe4d90d54e772ecba80656a04c38fb9bdb"
      }
    },
    {
      "identity" : "weakmaptable",
      "kind" : "remoteSourceControl",
      "location" : "https://github.com/ReactorKit/WeakMapTable.git",
      "state" : {
        "revision" : "cb05d64cef2bbf51e85c53adee937df46540a74e",
        "version" : "1.2.1"
      }
    }
  ],
  "version" : 3
}
