{
  "originHash" : "da68ec6da88e6f66611f1c05e0037a0e9c2c70bc29d211f2455c895a45063db0",
  "pins" : [
    {
      "identity" : "ribs-ios",
      "kind" : "remoteSourceControl",
      "location" : "https://github.com/uber/RIBs-iOS.git",
      "state" : {
        "revision" : "bc4abbc25f485bff1c1955994a19d5104b209f08",
        "version" : "0.16.3"
      }
    },
    {
      "identity" : "rxswift",
      "kind" : "remoteSourceControl",
      "location" : "https://github.com/ReactiveX/RxSwift",
      "state" : {
        "revision" : "c7c7d2cf50a3211fe2843f76869c698e4e417930",
        "version" : "6.8.0"
      }
    }
  ],
  "version" : 3
}
